
Microsoft Visual Studio Solution File, Format Version 12.00
# Visual Studio Version 17
VisualStudioVersion = 17.12.35707.178 d17.12
MinimumVisualStudioVersion = 10.0.40219.1
Project("{FAE04EC0-301F-11D3-BF4B-00C04F79EFBC}") = "SampleLibrary", "SampleLibrary.csproj", "{DEBC4C61-9838-4B1D-9645-90BCBFC38116}"
EndProject
Global
	GlobalSection(SolutionConfigurationPlatforms) = preSolution
		Debug|Any CPU = Debug|Any CPU
		Release|Any CPU = Release|Any CPU
	EndGlobalSection
	GlobalSection(ProjectConfigurationPlatforms) = postSolution
		{DEBC4C61-9838-4B1D-9645-90BCBFC38116}.Debug|Any CPU.ActiveCfg = Debug|Any CPU
		{DEBC4C61-9838-4B1D-9645-90BCBFC38116}.Debug|Any CPU.Build.0 = Debug|Any CPU
		{DEBC4C61-9838-4B1D-9645-90BCBFC38116}.Release|Any CPU.ActiveCfg = Release|Any CPU
		{DEBC4C61-9838-4B1D-9645-90BCBFC38116}.Release|Any CPU.Build.0 = Release|Any CPU
	EndGlobalSection
	GlobalSection(SolutionProperties) = preSolution
		HideSolutionNode = FALSE
	EndGlobalSection
EndGlobal
