
Microsoft Visual Studio Solution File, Format Version 12.00
# Visual Studio Version 17
VisualStudioVersion = 17.12.35527.113 d17.12
MinimumVisualStudioVersion = 10.0.40219.1
Project("{FAE04EC0-301F-11D3-BF4B-00C04F79EFBC}") = "ExceptionHandlingDemo", "ExceptionHandlingDemo\ExceptionHandlingDemo.csproj", "{D754144B-8FB2-4EF7-BD08-4DB096532DBE}"
EndProject
Project("{FAE04EC0-301F-11D3-BF4B-00C04F79EFBC}") = "CalculationLibrary", "CalculationLibrary\CalculationLibrary.csproj", "{BC61DA83-62F1-4100-95A7-CCCFF170A5C9}"
EndProject
Global
	GlobalSection(SolutionConfigurationPlatforms) = preSolution
		Debug|Any CPU = Debug|Any CPU
		Release|Any CPU = Release|Any CPU
	EndGlobalSection
	GlobalSection(ProjectConfigurationPlatforms) = postSolution
		{D754144B-8FB2-4EF7-BD08-4DB096532DBE}.Debug|Any CPU.ActiveCfg = Debug|Any CPU
		{D754144B-8FB2-4EF7-BD08-4DB096532DBE}.Debug|Any CPU.Build.0 = Debug|Any CPU
		{D754144B-8FB2-4EF7-BD08-4DB096532DBE}.Release|Any CPU.ActiveCfg = Release|Any CPU
		{D754144B-8FB2-4EF7-BD08-4DB096532DBE}.Release|Any CPU.Build.0 = Release|Any CPU
		{BC61DA83-62F1-4100-95A7-CCCFF170A5C9}.Debug|Any CPU.ActiveCfg = Debug|Any CPU
		{BC61DA83-62F1-4100-95A7-CCCFF170A5C9}.Debug|Any CPU.Build.0 = Debug|Any CPU
		{BC61DA83-62F1-4100-95A7-CCCFF170A5C9}.Release|Any CPU.ActiveCfg = Release|Any CPU
		{BC61DA83-62F1-4100-95A7-CCCFF170A5C9}.Release|Any CPU.Build.0 = Release|Any CPU
	EndGlobalSection
	GlobalSection(SolutionProperties) = preSolution
		HideSolutionNode = FALSE
	EndGlobalSection
EndGlobal
